
Microsoft Visual Studio Solution File, Format Version 12.00
# Visual Studio Version 16
VisualStudioVersion = 16.0.30517.126
MinimumVisualStudioVersion = 10.0.40219.1
Project("{FAE04EC0-301F-11D3-BF4B-00C04F79EFBC}") = "Domain", "Domain\Domain.csproj", "{8557CEA9-C8FD-4DCB-8500-3F01B97E5ACA}"
EndProject
Project("{FAE04EC0-301F-11D3-BF4B-00C04F79EFBC}") = "Infrastructure", "Infrastructure\Infrastructure.csproj", "{48B004FF-6C13-4247-8C6A-17042D21469C}"
EndProject
Project("{9A19103F-16F7-4668-BE54-9A1E7A4F7556}") = "Application", "Application\Application.csproj", "{FC8857F7-07F4-413E-A4B2-C4836061B400}"
EndProject
Global
	GlobalSection(SolutionConfigurationPlatforms) = preSolution
		Debug|Any CPU = Debug|Any CPU
		Release|Any CPU = Release|Any CPU
	EndGlobalSection
	GlobalSection(ProjectConfigurationPlatforms) = postSolution
		{8557CEA9-C8FD-4DCB-8500-3F01B97E5ACA}.Debug|Any CPU.ActiveCfg = Debug|Any CPU
		{8557CEA9-C8FD-4DCB-8500-3F01B97E5ACA}.Debug|Any CPU.Build.0 = Debug|Any CPU
		{8557CEA9-C8FD-4DCB-8500-3F01B97E5ACA}.Release|Any CPU.ActiveCfg = Release|Any CPU
		{8557CEA9-C8FD-4DCB-8500-3F01B97E5ACA}.Release|Any CPU.Build.0 = Release|Any CPU
		{48B004FF-6C13-4247-8C6A-17042D21469C}.Debug|Any CPU.ActiveCfg = Debug|Any CPU
		{48B004FF-6C13-4247-8C6A-17042D21469C}.Debug|Any CPU.Build.0 = Debug|Any CPU
		{48B004FF-6C13-4247-8C6A-17042D21469C}.Release|Any CPU.ActiveCfg = Release|Any CPU
		{48B004FF-6C13-4247-8C6A-17042D21469C}.Release|Any CPU.Build.0 = Release|Any CPU
		{FC8857F7-07F4-413E-A4B2-C4836061B400}.Debug|Any CPU.ActiveCfg = Debug|Any CPU
		{FC8857F7-07F4-413E-A4B2-C4836061B400}.Debug|Any CPU.Build.0 = Debug|Any CPU
		{FC8857F7-07F4-413E-A4B2-C4836061B400}.Release|Any CPU.ActiveCfg = Release|Any CPU
		{FC8857F7-07F4-413E-A4B2-C4836061B400}.Release|Any CPU.Build.0 = Release|Any CPU
	EndGlobalSection
	GlobalSection(SolutionProperties) = preSolution
		HideSolutionNode = FALSE
	EndGlobalSection
	GlobalSection(ExtensibilityGlobals) = postSolution
		SolutionGuid = {1114346A-9ED2-4BB3-864C-095DDCD4E13E}
	EndGlobalSection
EndGlobal
